# THIS IS AN AUTOGENERATED FILE. DO NOT EDIT THIS FILE DIRECTLY.
# yarn lockfile v1


"@lit/reactive-element@^1.3.0", "@lit/reactive-element@^1.4.0":
  version "1.4.0"
  resolved "https://registry.yarnpkg.com/@lit/reactive-element/-/reactive-element-1.4.0.tgz#78ed05eb9b750e8e3671a61a30c19198e4038f80"
  integrity sha512-blrtlLKvtVyjTJ3gUHWNSHOU6tD8be9mRafqtnO7GVMcB+5z4RjNcO0DpMGmccK6N8yur1vVVYnS0gPdQ/WgEQ==

"@types/trusted-types@^2.0.2":
  version "2.0.2"
  resolved "https://registry.yarnpkg.com/@types/trusted-types/-/trusted-types-2.0.2.tgz#fc25ad9943bcac11cceb8168db4f275e0e72e756"
  integrity sha512-F5DIZ36YVLE+PN+Zwws4kJogq47hNgX3Nx6WyDJ3kcplxyke3XIzB8uK5n/Lpm1HBsbGzd6nmGehL8cPekP+Tg==

lit-element@^3.2.0:
  version "3.2.2"
  resolved "https://registry.yarnpkg.com/lit-element/-/lit-element-3.2.2.tgz#d148ab6bf4c53a33f707a5168e087725499e5f2b"
  integrity sha512-6ZgxBR9KNroqKb6+htkyBwD90XGRiqKDHVrW/Eh0EZ+l+iC+u+v+w3/BA5NGi4nizAVHGYvQBHUDuSmLjPp7NQ==
  dependencies:
    "@lit/reactive-element" "^1.3.0"
    lit-html "^2.2.0"

lit-html@^2.2.0, lit-html@^2.3.0:
  version "2.3.0"
  resolved "https://registry.yarnpkg.com/lit-html/-/lit-html-2.3.0.tgz#6896685744f0b1ddef0d39aa2092fcd06dfd169d"
  integrity sha512-bnJneRqizoeSTxUeyDJLBDr+DI+7bn6P3WWqsj/4AwPWJjYgjSO5W64BVl1CrEo/8DtgU6DAYADX6yeI5/eDsg==
  dependencies:
    "@types/trusted-types" "^2.0.2"

lit@^2.3.0:
  version "2.3.0"
  resolved "https://registry.yarnpkg.com/lit/-/lit-2.3.0.tgz#611e122cbf9f34f1af0c1f3f791f886453bdcbde"
  integrity sha512-ynSGsUYKSGN2weFQ1F3SZq0Ihlj+vr/3KAET//Yf8Tz86L7lZizlw9Px+ab5iN8Si4RkVoLqd9YtKQmjdyKHNg==
  dependencies:
    "@lit/reactive-element" "^1.4.0"
    lit-element "^3.2.0"
    lit-html "^2.3.0"
